Microsoft Visual Studio Solution File, Format Version 12.00
# Visual Studio Version 17
VisualStudioVersion = 17.5.2.0
MinimumVisualStudioVersion = 10.0.40219.1
Project("{FAE04EC0-301F-11D3-BF4B-00C04F79EFBC}") = "ReportCard", "ReportCard.csproj", "{9ADDBAAE-CF8B-3406-507F-5108AFA9CE03}"
EndProject
Global
	GlobalSection(SolutionConfigurationPlatforms) = preSolution
		Debug|Any CPU = Debug|Any CPU
		Release|Any CPU = Release|Any CPU
	EndGlobalSection
	GlobalSection(ProjectConfigurationPlatforms) = postSolution
		{9ADDBAAE-CF8B-3406-507F-5108AFA9CE03}.Debug|Any CPU.ActiveCfg = Debug|Any CPU
		{9ADDBAAE-CF8B-3406-507F-5108AFA9CE03}.Debug|Any CPU.Build.0 = Debug|Any CPU
		{9ADDBAAE-CF8B-3406-507F-5108AFA9CE03}.Release|Any CPU.ActiveCfg = Release|Any CPU
		{9ADDBAAE-CF8B-3406-507F-5108AFA9CE03}.Release|Any CPU.Build.0 = Release|Any CPU
	EndGlobalSection
	GlobalSection(SolutionProperties) = preSolution
		HideSolutionNode = FALSE
	EndGlobalSection
	GlobalSection(ExtensibilityGlobals) = postSolution
		SolutionGuid = {AFCA3125-AB81-42F8-B094-C6746E4080B1}
	EndGlobalSection
EndGlobal
